
Microsoft Visual Studio Solution File, Format Version 12.00
# Visual Studio Version 16
VisualStudioVersion = 16.0.30709.132
MinimumVisualStudioVersion = 10.0.40219.1
Project("{2150E333-8FDC-42A3-9474-1A3956D46DE8}") = "Doc", "Doc", "{1D97FF26-A59C-43AE-A5EC-B1EC84547E67}"
EndProject
Project("{2150E333-8FDC-42A3-9474-1A3956D46DE8}") = "Src", "Src", "{86F3845A-8B57-445D-9F28-0440096FE268}"
EndProject
Project("{2150E333-8FDC-42A3-9474-1A3956D46DE8}") = "Test", "Test", "{2554EFED-14E1-417F-AB12-D401367CCEF2}"
EndProject
Project("{2150E333-8FDC-42A3-9474-1A3956D46DE8}") = "Core", "Core", "{E6803D0E-F042-44F3-BC13-015F0AE626A0}"
EndProject
Project("{2150E333-8FDC-42A3-9474-1A3956D46DE8}") = "Infrastructure", "Infrastructure", "{7AFAEA94-3E2A-4C96-AC00-6595D3AE34FE}"
EndProject
Project("{2150E333-8FDC-42A3-9474-1A3956D46DE8}") = "Presentation", "Presentation", "{7CE961C6-645F-4C85-B97F-075BA12E5319}"
EndProject
Project("{2150E333-8FDC-42A3-9474-1A3956D46DE8}") = "Common", "Common", "{555EB135-EDC9-4757-BBD3-EB2FCE640288}"
EndProject
Project("{FAE04EC0-301F-11D3-BF4B-00C04F79EFBC}") = "Bugeto_Store.Domain", "Bugeto_Store.Domain\Bugeto_Store.Domain.csproj", "{2D855236-C7F3-468E-B336-737A246F89D9}"
EndProject
Project("{FAE04EC0-301F-11D3-BF4B-00C04F79EFBC}") = "Bugeto_Store.Application", "Bugeto_Store.Application\Bugeto_Store.Application.csproj", "{53D20727-AAF4-490C-8C5D-DB476F2A1C20}"
EndProject
Project("{FAE04EC0-301F-11D3-BF4B-00C04F79EFBC}") = "Bugeto_Store.Infrastructure", "Bugeto_Store.Infrastructure\Bugeto_Store.Infrastructure.csproj", "{8C41FBE5-2098-4A0D-A45C-710F2E629461}"
EndProject
Project("{FAE04EC0-301F-11D3-BF4B-00C04F79EFBC}") = "Bugeto_Store.Persistence", "Bugeto_Store.Persistence\Bugeto_Store.Persistence.csproj", "{35748C66-3884-4F75-9409-5E9ED3AEDFAC}"
EndProject
Project("{FAE04EC0-301F-11D3-BF4B-00C04F79EFBC}") = "Bugeto_Store.Common", "Bugeto_Store.Common\Bugeto_Store.Common.csproj", "{14E61666-B8CD-463D-89D6-73208FD8F89E}"
EndProject
Project("{FAE04EC0-301F-11D3-BF4B-00C04F79EFBC}") = "EndPoint.Site", "EndPoint.Site\EndPoint.Site.csproj", "{7824CD53-1C42-4830-BCE4-99C6AF3447E4}"
EndProject
Global
	GlobalSection(SolutionConfigurationPlatforms) = preSolution
		Debug|Any CPU = Debug|Any CPU
		Release|Any CPU = Release|Any CPU
	EndGlobalSection
	GlobalSection(ProjectConfigurationPlatforms) = postSolution
		{2D855236-C7F3-468E-B336-737A246F89D9}.Debug|Any CPU.ActiveCfg = Debug|Any CPU
		{2D855236-C7F3-468E-B336-737A246F89D9}.Debug|Any CPU.Build.0 = Debug|Any CPU
		{2D855236-C7F3-468E-B336-737A246F89D9}.Release|Any CPU.ActiveCfg = Release|Any CPU
		{2D855236-C7F3-468E-B336-737A246F89D9}.Release|Any CPU.Build.0 = Release|Any CPU
		{53D20727-AAF4-490C-8C5D-DB476F2A1C20}.Debug|Any CPU.ActiveCfg = Debug|Any CPU
		{53D20727-AAF4-490C-8C5D-DB476F2A1C20}.Debug|Any CPU.Build.0 = Debug|Any CPU
		{53D20727-AAF4-490C-8C5D-DB476F2A1C20}.Release|Any CPU.ActiveCfg = Release|Any CPU
		{53D20727-AAF4-490C-8C5D-DB476F2A1C20}.Release|Any CPU.Build.0 = Release|Any CPU
		{8C41FBE5-2098-4A0D-A45C-710F2E629461}.Debug|Any CPU.ActiveCfg = Debug|Any CPU
		{8C41FBE5-2098-4A0D-A45C-710F2E629461}.Debug|Any CPU.Build.0 = Debug|Any CPU
		{8C41FBE5-2098-4A0D-A45C-710F2E629461}.Release|Any CPU.ActiveCfg = Release|Any CPU
		{8C41FBE5-2098-4A0D-A45C-710F2E629461}.Release|Any CPU.Build.0 = Release|Any CPU
		{35748C66-3884-4F75-9409-5E9ED3AEDFAC}.Debug|Any CPU.ActiveCfg = Debug|Any CPU
		{35748C66-3884-4F75-9409-5E9ED3AEDFAC}.Debug|Any CPU.Build.0 = Debug|Any CPU
		{35748C66-3884-4F75-9409-5E9ED3AEDFAC}.Release|Any CPU.ActiveCfg = Release|Any CPU
		{35748C66-3884-4F75-9409-5E9ED3AEDFAC}.Release|Any CPU.Build.0 = Release|Any CPU
		{14E61666-B8CD-463D-89D6-73208FD8F89E}.Debug|Any CPU.ActiveCfg = Debug|Any CPU
		{14E61666-B8CD-463D-89D6-73208FD8F89E}.Debug|Any CPU.Build.0 = Debug|Any CPU
		{14E61666-B8CD-463D-89D6-73208FD8F89E}.Release|Any CPU.ActiveCfg = Release|Any CPU
		{14E61666-B8CD-463D-89D6-73208FD8F89E}.Release|Any CPU.Build.0 = Release|Any CPU
		{7824CD53-1C42-4830-BCE4-99C6AF3447E4}.Debug|Any CPU.ActiveCfg = Debug|Any CPU
		{7824CD53-1C42-4830-BCE4-99C6AF3447E4}.Debug|Any CPU.Build.0 = Debug|Any CPU
		{7824CD53-1C42-4830-BCE4-99C6AF3447E4}.Release|Any CPU.ActiveCfg = Release|Any CPU
		{7824CD53-1C42-4830-BCE4-99C6AF3447E4}.Release|Any CPU.Build.0 = Release|Any CPU
	EndGlobalSection
	GlobalSection(SolutionProperties) = preSolution
		HideSolutionNode = FALSE
	EndGlobalSection
	GlobalSection(NestedProjects) = preSolution
		{E6803D0E-F042-44F3-BC13-015F0AE626A0} = {86F3845A-8B57-445D-9F28-0440096FE268}
		{7AFAEA94-3E2A-4C96-AC00-6595D3AE34FE} = {86F3845A-8B57-445D-9F28-0440096FE268}
		{7CE961C6-645F-4C85-B97F-075BA12E5319} = {86F3845A-8B57-445D-9F28-0440096FE268}
		{555EB135-EDC9-4757-BBD3-EB2FCE640288} = {86F3845A-8B57-445D-9F28-0440096FE268}
		{2D855236-C7F3-468E-B336-737A246F89D9} = {E6803D0E-F042-44F3-BC13-015F0AE626A0}
		{53D20727-AAF4-490C-8C5D-DB476F2A1C20} = {E6803D0E-F042-44F3-BC13-015F0AE626A0}
		{8C41FBE5-2098-4A0D-A45C-710F2E629461} = {7AFAEA94-3E2A-4C96-AC00-6595D3AE34FE}
		{35748C66-3884-4F75-9409-5E9ED3AEDFAC} = {7AFAEA94-3E2A-4C96-AC00-6595D3AE34FE}
		{14E61666-B8CD-463D-89D6-73208FD8F89E} = {555EB135-EDC9-4757-BBD3-EB2FCE640288}
		{7824CD53-1C42-4830-BCE4-99C6AF3447E4} = {7CE961C6-645F-4C85-B97F-075BA12E5319}
	EndGlobalSection
	GlobalSection(ExtensibilityGlobals) = postSolution
		SolutionGuid = {0160EB4A-3075-454E-8C8A-EB396E8F97A3}
	EndGlobalSection
EndGlobal
